{
  "lib/buffer": {
    "rev": "82cc81935de1d1a82e021cf1030d902c5248982b"
  },
  "lib/ens-contracts": {
    "rev": "2736f15fb36345f0691deb77cba4d77760b15077"
  },
  "lib/forge-std": {
    "rev": "3b20d60d14b343ee4f908cb8079495c07f5e8981"
  },
  "lib/just-foundry": {
    "rev": "c1c9a4ee47c2ba212f6a6321faac6aadc795f37d"
  },
  "lib/openzeppelin-contracts": {
    "rev": "dc44c9f1a4c3b10af99492eed84f83ed244203f6"
  },
  "lib/openzeppelin-contracts-upgradeable": {
    "rev": "2d081f24cac1a867f6f73d512f2022e1fa987854"
  },
  "lib/osx": {
    "rev": "bc804d775b5bba62a3d8b4829a1b3e4b02fa3dd2"
  }
}